// !$*UTF8*$!
{
	archiveVersion = 1;
	classes = {
	};
	objectVersion = 50;
	objects = {

/* Begin PBXBuildFile section */
		1B42A98025D49B7A0068F1E6 /* CloseButton.swift in Sources */ = {isa = PBXBuildFile; fileRef = 1B42A97F25D49B7A0068F1E6 /* CloseButton.swift */; };
		1B42A98525D5C0620068F1E6 /* AlarmDetail.swift in Sources */ = {isa = PBXBuildFile; fileRef = 1B42A98425D5C0620068F1E6 /* AlarmDetail.swift */; };
		1B42A9AC25D5D39B0068F1E6 /* VisualEffectBlur.swift in Sources */ = {isa = PBXBuildFile; fileRef = 1B42A9AB25D5D39B0068F1E6 /* VisualEffectBlur.swift */; };
		1B851D6F255B48F600609A98 /* FirstProjectApp.swift in Sources */ = {isa = PBXBuildFile; fileRef = 1B851D6E255B48F600609A98 /* FirstProjectApp.swift */; };
		1B851D71255B48F600609A98 /* ContentView.swift in Sources */ = {isa = PBXBuildFile; fileRef = 1B851D70255B48F600609A98 /* ContentView.swift */; };
		1B851D73255B48FA00609A98 /* Assets.xcassets in Resources */ = {isa = PBXBuildFile; fileRef = 1B851D72255B48FA00609A98 /* Assets.xcassets */; };
		1B851D76255B48FA00609A98 /* Preview Assets.xcassets in Resources */ = {isa = PBXBuildFile; fileRef = 1B851D75255B48FA00609A98 /* Preview Assets.xcassets */; };
		1B851D81255B48FA00609A98 /* FirstProjectTests.swift in Sources */ = {isa = PBXBuildFile; fileRef = 1B851D80255B48FA00609A98 /* FirstProjectTests.swift */; };
		1B851D8C255B48FA00609A98 /* FirstProjectUITests.swift in Sources */ = {isa = PBXBuildFile; fileRef = 1B851D8B255B48FA00609A98 /* FirstProjectUITests.swift */; };
		1B851D9D255B4BBD00609A98 /* Main.storyboard in Resources */ = {isa = PBXBuildFile; fileRef = 1B851D9C255B4BBD00609A98 /* Main.storyboard */; };
		1BD6B47F25BB78C000596CA8 /* HomeRow.swift in Sources */ = {isa = PBXBuildFile; fileRef = 1BD6B47E25BB78C000596CA8 /* HomeRow.swift */; };
		1BD6B48425BB84F100596CA8 /* MainAlarmView.swift in Sources */ = {isa = PBXBuildFile; fileRef = 1BD6B48325BB84F100596CA8 /* MainAlarmView.swift */; };
		1BD6B4CE25C1D77900596CA8 /* Sidebar.swift in Sources */ = {isa = PBXBuildFile; fileRef = 1BD6B4CD25C1D77900596CA8 /* Sidebar.swift */; };
		1BD6B4D325C1E56F00596CA8 /* AlarmItem.swift in Sources */ = {isa = PBXBuildFile; fileRef = 1BD6B4D225C1E56E00596CA8 /* AlarmItem.swift */; };
		1BD6B4E325C1E7C300596CA8 /* AlarmList.swift in Sources */ = {isa = PBXBuildFile; fileRef = 1BD6B4E225C1E7C300596CA8 /* AlarmList.swift */; };
		1BD9EA4025CB440800E83A80 /* SelectedAlarm.swift in Sources */ = {isa = PBXBuildFile; fileRef = 1BD9EA3F25CB440800E83A80 /* SelectedAlarm.swift */; };
/* End PBXBuildFile section */

/* Begin PBXContainerItemProxy section */
		1B851D7D255B48FA00609A98 /* PBXContainerItemProxy */ = {
			isa = PBXContainerItemProxy;
			containerPortal = 1B851D63255B48F600609A98 /* Project object */;
			proxyType = 1;
			remoteGlobalIDString = 1B851D6A255B48F600609A98;
			remoteInfo = FirstProject;
		};
		1B851D88255B48FA00609A98 /* PBXContainerItemProxy */ = {
			isa = PBXContainerItemProxy;
			containerPortal = 1B851D63255B48F600609A98 /* Project object */;
			proxyType = 1;
			remoteGlobalIDString = 1B851D6A255B48F600609A98;
			remoteInfo = FirstProject;
		};
/* End PBXContainerItemProxy section */

/* Begin PBXFileReference section */
		1B42A97F25D49B7A0068F1E6 /* CloseButton.swift */ = {isa = PBXFileReference; lastKnownFileType = sourcecode.swift; path = CloseButton.swift; sourceTree = "<group>"; };
		1B42A98425D5C0620068F1E6 /* AlarmDetail.swift */ = {isa = PBXFileReference; lastKnownFileType = sourcecode.swift; path = AlarmDetail.swift; sourceTree = "<group>"; };
		1B42A9AB25D5D39B0068F1E6 /* VisualEffectBlur.swift */ = {isa = PBXFileReference; fileEncoding = 4; lastKnownFileType = sourcecode.swift; path = VisualEffectBlur.swift; sourceTree = "<group>"; };
		1B851D6B255B48F600609A98 /* FirstProject.app */ = {isa = PBXFileReference; explicitFileType = wrapper.application; includeInIndex = 0; path = FirstProject.app; sourceTree = BUILT_PRODUCTS_DIR; };
		1B851D6E255B48F600609A98 /* FirstProjectApp.swift */ = {isa = PBXFileReference; lastKnownFileType = sourcecode.swift; path = FirstProjectApp.swift; sourceTree = "<group>"; };
		1B851D70255B48F600609A98 /* ContentView.swift */ = {isa = PBXFileReference; lastKnownFileType = sourcecode.swift; path = ContentView.swift; sourceTree = "<group>"; };
		1B851D72255B48FA00609A98 /* Assets.xcassets */ = {isa = PBXFileReference; lastKnownFileType = folder.assetcatalog; path = Assets.xcassets; sourceTree = "<group>"; };
		1B851D75255B48FA00609A98 /* Preview Assets.xcassets */ = {isa = PBXFileReference; lastKnownFileType = folder.assetcatalog; path = "Preview Assets.xcassets"; sourceTree = "<group>"; };
		1B851D77255B48FA00609A98 /* Info.plist */ = {isa = PBXFileReference; lastKnownFileType = text.plist.xml; path = Info.plist; sourceTree = "<group>"; };
		1B851D7C255B48FA00609A98 /* FirstProjectTests.xctest */ = {isa = PBXFileReference; explicitFileType = wrapper.cfbundle; includeInIndex = 0; path = FirstProjectTests.xctest; sourceTree = BUILT_PRODUCTS_DIR; };
		1B851D80255B48FA00609A98 /* FirstProjectTests.swift */ = {isa = PBXFileReference; lastKnownFileType = sourcecode.swift; path = FirstProjectTests.swift; sourceTree = "<group>"; };
		1B851D82255B48FA00609A98 /* Info.plist */ = {isa = PBXFileReference; lastKnownFileType = text.plist.xml; path = Info.plist; sourceTree = "<group>"; };
		1B851D87255B48FA00609A98 /* FirstProjectUITests.xctest */ = {isa = PBXFileReference; explicitFileType = wrapper.cfbundle; includeInIndex = 0; path = FirstProjectUITests.xctest; sourceTree = BUILT_PRODUCTS_DIR; };
		1B851D8B255B48FA00609A98 /* FirstProjectUITests.swift */ = {isa = PBXFileReference; lastKnownFileType = sourcecode.swift; path = FirstProjectUITests.swift; sourceTree = "<group>"; };
		1B851D8D255B48FA00609A98 /* Info.plist */ = {isa = PBXFileReference; lastKnownFileType = text.plist.xml; path = Info.plist; sourceTree = "<group>"; };
		1B851D9C255B4BBD00609A98 /* Main.storyboard */ = {isa = PBXFileReference; lastKnownFileType = file.storyboard; path = Main.storyboard; sourceTree = "<group>"; };
		1BD6B47E25BB78C000596CA8 /* HomeRow.swift */ = {isa = PBXFileReference; lastKnownFileType = sourcecode.swift; path = HomeRow.swift; sourceTree = "<group>"; };
		1BD6B48325BB84F100596CA8 /* MainAlarmView.swift */ = {isa = PBXFileReference; lastKnownFileType = sourcecode.swift; path = MainAlarmView.swift; sourceTree = "<group>"; };
		1BD6B4CD25C1D77900596CA8 /* Sidebar.swift */ = {isa = PBXFileReference; lastKnownFileType = sourcecode.swift; path = Sidebar.swift; sourceTree = "<group>"; };
		1BD6B4D225C1E56E00596CA8 /* AlarmItem.swift */ = {isa = PBXFileReference; lastKnownFileType = sourcecode.swift; path = AlarmItem.swift; sourceTree = "<group>"; };
		1BD6B4E225C1E7C300596CA8 /* AlarmList.swift */ = {isa = PBXFileReference; lastKnownFileType = sourcecode.swift; path = AlarmList.swift; sourceTree = "<group>"; };
		1BD9EA3F25CB440800E83A80 /* SelectedAlarm.swift */ = {isa = PBXFileReference; lastKnownFileType = sourcecode.swift; path = SelectedAlarm.swift; sourceTree = "<group>"; };
/* End PBXFileReference section */

/* Begin PBXFrameworksBuildPhase section */
		1B851D68255B48F600609A98 /* Frameworks */ = {
			isa = PBXFrameworksBuildPhase;
			buildActionMask = 2147483647;
			files = (
			);
			runOnlyForDeploymentPostprocessing = 0;
		};
		1B851D79255B48FA00609A98 /* Frameworks */ = {
			isa = PBXFrameworksBuildPhase;
			buildActionMask = 2147483647;
			files = (
			);
			runOnlyForDeploymentPostprocessing = 0;
		};
		1B851D84255B48FA00609A98 /* Frameworks */ = {
			isa = PBXFrameworksBuildPhase;
			buildActionMask = 2147483647;
			files = (
			);
			runOnlyForDeploymentPostprocessing = 0;
		};
/* End PBXFrameworksBuildPhase section */

/* Begin PBXGroup section */
		1B851D62255B48F600609A98 = {
			isa = PBXGroup;
			children = (
				1B851D6D255B48F600609A98 /* FirstProject */,
				1B851D7F255B48FA00609A98 /* FirstProjectTests */,
				1B851D8A255B48FA00609A98 /* FirstProjectUITests */,
				1B851D6C255B48F600609A98 /* Products */,
			);
			sourceTree = "<group>";
		};
		1B851D6C255B48F600609A98 /* Products */ = {
			isa = PBXGroup;
			children = (
				1B851D6B255B48F600609A98 /* FirstProject.app */,
				1B851D7C255B48FA00609A98 /* FirstProjectTests.xctest */,
				1B851D87255B48FA00609A98 /* FirstProjectUITests.xctest */,
			);
			name = Products;
			sourceTree = "<group>";
		};
		1B851D6D255B48F600609A98 /* FirstProject */ = {
			isa = PBXGroup;
			children = (
				1B42A9AB25D5D39B0068F1E6 /* VisualEffectBlur.swift */,
				1B851D6E255B48F600609A98 /* FirstProjectApp.swift */,
				1BD6B4D725C1E6F100596CA8 /* Navigation */,
				1BD9EA4425CC99ED00E83A80 /* Model */,
				1BD6B4DE25C1E72400596CA8 /* Items */,
				1BD6B48325BB84F100596CA8 /* MainAlarmView.swift */,
				1B42A98425D5C0620068F1E6 /* AlarmDetail.swift */,
				1B42A97F25D49B7A0068F1E6 /* CloseButton.swift */,
				1B851D72255B48FA00609A98 /* Assets.xcassets */,
				1B851D9C255B4BBD00609A98 /* Main.storyboard */,
				1B851D77255B48FA00609A98 /* Info.plist */,
				1B851D74255B48FA00609A98 /* Preview Content */,
			);
			path = FirstProject;
			sourceTree = "<group>";
		};
		1B851D74255B48FA00609A98 /* Preview Content */ = {
			isa = PBXGroup;
			children = (
				1B851D75255B48FA00609A98 /* Preview Assets.xcassets */,
			);
			path = "Preview Content";
			sourceTree = "<group>";
		};
		1B851D7F255B48FA00609A98 /* FirstProjectTests */ = {
			isa = PBXGroup;
			children = (
				1B851D80255B48FA00609A98 /* FirstProjectTests.swift */,
				1B851D82255B48FA00609A98 /* Info.plist */,
			);
			path = FirstProjectTests;
			sourceTree = "<group>";
		};
		1B851D8A255B48FA00609A98 /* FirstProjectUITests */ = {
			isa = PBXGroup;
			children = (
				1B851D8B255B48FA00609A98 /* FirstProjectUITests.swift */,
				1B851D8D255B48FA00609A98 /* Info.plist */,
			);
			path = FirstProjectUITests;
			sourceTree = "<group>";
		};
		1BD6B4D725C1E6F100596CA8 /* Navigation */ = {
			isa = PBXGroup;
			children = (
				1BD6B4CD25C1D77900596CA8 /* Sidebar.swift */,
				1B851D70255B48F600609A98 /* ContentView.swift */,
			);
			path = Navigation;
			sourceTree = "<group>";
		};
		1BD6B4DE25C1E72400596CA8 /* Items */ = {
			isa = PBXGroup;
			children = (
				1BD6B47E25BB78C000596CA8 /* HomeRow.swift */,
				1BD6B4D225C1E56E00596CA8 /* AlarmItem.swift */,
				1BD6B4E225C1E7C300596CA8 /* AlarmList.swift */,
			);
			path = Items;
			sourceTree = "<group>";
		};
		1BD9EA4425CC99ED00E83A80 /* Model */ = {
			isa = PBXGroup;
			children = (
				1BD9EA3F25CB440800E83A80 /* SelectedAlarm.swift */,
			);
			path = Model;
			sourceTree = "<group>";
		};
/* End PBXGroup section */

/* Begin PBXNativeTarget section */
		1B851D6A255B48F600609A98 /* FirstProject */ = {
			isa = PBXNativeTarget;
			buildConfigurationList = 1B851D90255B48FA00609A98 /* Build configuration list for PBXNativeTarget "FirstProject" */;
			buildPhases = (
				1B851D67255B48F600609A98 /* Sources */,
				1B851D68255B48F600609A98 /* Frameworks */,
				1B851D69255B48F600609A98 /* Resources */,
			);
			buildRules = (
			);
			dependencies = (
			);
			name = FirstProject;
			productName = FirstProject;
			productReference = 1B851D6B255B48F600609A98 /* FirstProject.app */;
			productType = "com.apple.product-type.application";
		};
		1B851D7B255B48FA00609A98 /* FirstProjectTests */ = {
			isa = PBXNativeTarget;
			buildConfigurationList = 1B851D93255B48FA00609A98 /* Build configuration list for PBXNativeTarget "FirstProjectTests" */;
			buildPhases = (
				1B851D78255B48FA00609A98 /* Sources */,
				1B851D79255B48FA00609A98 /* Frameworks */,
				1B851D7A255B48FA00609A98 /* Resources */,
			);
			buildRules = (
			);
			dependencies = (
				1B851D7E255B48FA00609A98 /* PBXTargetDependency */,
			);
			name = FirstProjectTests;
			productName = FirstProjectTests;
			productReference = 1B851D7C255B48FA00609A98 /* FirstProjectTests.xctest */;
			productType = "com.apple.product-type.bundle.unit-test";
		};
		1B851D86255B48FA00609A98 /* FirstProjectUITests */ = {
			isa = PBXNativeTarget;
			buildConfigurationList = 1B851D96255B48FA00609A98 /* Build configuration list for PBXNativeTarget "FirstProjectUITests" */;
			buildPhases = (
				1B851D83255B48FA00609A98 /* Sources */,
				1B851D84255B48FA00609A98 /* Frameworks */,
				1B851D85255B48FA00609A98 /* Resources */,
			);
			buildRules = (
			);
			dependencies = (
				1B851D89255B48FA00609A98 /* PBXTargetDependency */,
			);
			name = FirstProjectUITests;
			productName = FirstProjectUITests;
			productReference = 1B851D87255B48FA00609A98 /* FirstProjectUITests.xctest */;
			productType = "com.apple.product-type.bundle.ui-testing";
		};
/* End PBXNativeTarget section */

/* Begin PBXProject section */
		1B851D63255B48F600609A98 /* Project object */ = {
			isa = PBXProject;
			attributes = {
				LastSwiftUpdateCheck = 1210;
				LastUpgradeCheck = 1210;
				TargetAttributes = {
					1B851D6A255B48F600609A98 = {
						CreatedOnToolsVersion = 12.1;
					};
					1B851D7B255B48FA00609A98 = {
						CreatedOnToolsVersion = 12.1;
						TestTargetID = 1B851D6A255B48F600609A98;
					};
					1B851D86255B48FA00609A98 = {
						CreatedOnToolsVersion = 12.1;
						TestTargetID = 1B851D6A255B48F600609A98;
					};
				};
			};
			buildConfigurationList = 1B851D66255B48F600609A98 /* Build configuration list for PBXProject "FirstProject" */;
			compatibilityVersion = "Xcode 9.3";
			developmentRegion = en;
			hasScannedForEncodings = 0;
			knownRegions = (
				en,
				Base,
			);
			mainGroup = 1B851D62255B48F600609A98;
			productRefGroup = 1B851D6C255B48F600609A98 /* Products */;
			projectDirPath = "";
			projectRoot = "";
			targets = (
				1B851D6A255B48F600609A98 /* FirstProject */,
				1B851D7B255B48FA00609A98 /* FirstProjectTests */,
				1B851D86255B48FA00609A98 /* FirstProjectUITests */,
			);
		};
/* End PBXProject section */

/* Begin PBXResourcesBuildPhase section */
		1B851D69255B48F600609A98 /* Resources */ = {
			isa = PBXResourcesBuildPhase;
			buildActionMask = 2147483647;
			files = (
				1B851D9D255B4BBD00609A98 /* Main.storyboard in Resources */,
				1B851D76255B48FA00609A98 /* Preview Assets.xcassets in Resources */,
				1B851D73255B48FA00609A98 /* Assets.xcassets in Resources */,
			);
			runOnlyForDeploymentPostprocessing = 0;
		};
		1B851D7A255B48FA00609A98 /* Resources */ = {
			isa = PBXResourcesBuildPhase;
			buildActionMask = 2147483647;
			files = (
			);
			runOnlyForDeploymentPostprocessing = 0;
		};
		1B851D85255B48FA00609A98 /* Resources */ = {
			isa = PBXResourcesBuildPhase;
			buildActionMask = 2147483647;
			files = (
			);
			runOnlyForDeploymentPostprocessing = 0;
		};
/* End PBXResourcesBuildPhase section */

/* Begin PBXSourcesBuildPhase section */
		1B851D67255B48F600609A98 /* Sources */ = {
			isa = PBXSourcesBuildPhase;
			buildActionMask = 2147483647;
			files = (
				1BD6B4D325C1E56F00596CA8 /* AlarmItem.swift in Sources */,
				1BD6B4CE25C1D77900596CA8 /* Sidebar.swift in Sources */,
				1B42A9AC25D5D39B0068F1E6 /* VisualEffectBlur.swift in Sources */,
				1B851D71255B48F600609A98 /* ContentView.swift in Sources */,
				1B42A98025D49B7A0068F1E6 /* CloseButton.swift in Sources */,
				1BD6B47F25BB78C000596CA8 /* HomeRow.swift in Sources */,
				1BD9EA4025CB440800E83A80 /* SelectedAlarm.swift in Sources */,
				1BD6B4E325C1E7C300596CA8 /* AlarmList.swift in Sources */,
				1B851D6F255B48F600609A98 /* FirstProjectApp.swift in Sources */,
				1B42A98525D5C0620068F1E6 /* AlarmDetail.swift in Sources */,
				1BD6B48425BB84F100596CA8 /* MainAlarmView.swift in Sources */,
			);
			runOnlyForDeploymentPostprocessing = 0;
		};
		1B851D78255B48FA00609A98 /* Sources */ = {
			isa = PBXSourcesBuildPhase;
			buildActionMask = 2147483647;
			files = (
				1B851D81255B48FA00609A98 /* FirstProjectTests.swift in Sources */,
			);
			runOnlyForDeploymentPostprocessing = 0;
		};
		1B851D83255B48FA00609A98 /* Sources */ = {
			isa = PBXSourcesBuildPhase;
			buildActionMask = 2147483647;
			files = (
				1B851D8C255B48FA00609A98 /* FirstProjectUITests.swift in Sources */,
			);
			runOnlyForDeploymentPostprocessing = 0;
		};
/* End PBXSourcesBuildPhase section */

/* Begin PBXTargetDependency section */
		1B851D7E255B48FA00609A98 /* PBXTargetDependency */ = {
			isa = PBXTargetDependency;
			target = 1B851D6A255B48F600609A98 /* FirstProject */;
			targetProxy = 1B851D7D255B48FA00609A98 /* PBXContainerItemProxy */;
		};
		1B851D89255B48FA00609A98 /* PBXTargetDependency */ = {
			isa = PBXTargetDependency;
			target = 1B851D6A255B48F600609A98 /* FirstProject */;
			targetProxy = 1B851D88255B48FA00609A98 /* PBXContainerItemProxy */;
		};
/* End PBXTargetDependency section */

/* Begin XCBuildConfiguration section */
		1B851D8E255B48FA00609A98 /* Debug */ = {
			isa = XCBuildConfiguration;
			buildSettings = {
				ALWAYS_SEARCH_USER_PATHS = NO;
				CLANG_ANALYZER_NONNULL = YES;
				CLANG_ANALYZER_NUMBER_OBJECT_CONVERSION = YES_AGGRESSIVE;
				CLANG_CXX_LANGUAGE_STANDARD = "gnu++14";
				CLANG_CXX_LIBRARY = "libc++";
				CLANG_ENABLE_MODULES = YES;
				CLANG_ENABLE_OBJC_ARC = YES;
				CLANG_ENABLE_OBJC_WEAK = YES;
				CLANG_WARN_BLOCK_CAPTURE_AUTORELEASING = YES;
				CLANG_WARN_BOOL_CONVERSION = YES;
				CLANG_WARN_COMMA = YES;
				CLANG_WARN_CONSTANT_CONVERSION = YES;
				CLANG_WARN_DEPRECATED_OBJC_IMPLEMENTATIONS = YES;
				CLANG_WARN_DIRECT_OBJC_ISA_USAGE = YES_ERROR;
				CLANG_WARN_DOCUMENTATION_COMMENTS = YES;
				CLANG_WARN_EMPTY_BODY = YES;
				CLANG_WARN_ENUM_CONVERSION = YES;
				CLANG_WARN_INFINITE_RECURSION = YES;
				CLANG_WARN_INT_CONVERSION = YES;
				CLANG_WARN_NON_LITERAL_NULL_CONVERSION = YES;
				CLANG_WARN_OBJC_IMPLICIT_RETAIN_SELF = YES;
				CLANG_WARN_OBJC_LITERAL_CONVERSION = YES;
				CLANG_WARN_OBJC_ROOT_CLASS = YES_ERROR;
				CLANG_WARN_QUOTED_INCLUDE_IN_FRAMEWORK_HEADER = YES;
				CLANG_WARN_RANGE_LOOP_ANALYSIS = YES;
				CLANG_WARN_STRICT_PROTOTYPES = YES;
				CLANG_WARN_SUSPICIOUS_MOVE = YES;
				CLANG_WARN_UNGUARDED_AVAILABILITY = YES_AGGRESSIVE;
				CLANG_WARN_UNREACHABLE_CODE = YES;
				CLANG_WARN__DUPLICATE_METHOD_MATCH = YES;
				COPY_PHASE_STRIP = NO;
				DEBUG_INFORMATION_FORMAT = dwarf;
				ENABLE_STRICT_OBJC_MSGSEND = YES;
				ENABLE_TESTABILITY = YES;
				GCC_C_LANGUAGE_STANDARD = gnu11;
				GCC_DYNAMIC_NO_PIC = NO;
				GCC_NO_COMMON_BLOCKS = YES;
				GCC_OPTIMIZATION_LEVEL = 0;
				GCC_PREPROCESSOR_DEFINITIONS = (
					"DEBUG=1",
					"$(inherited)",
				);
				GCC_WARN_64_TO_32_BIT_CONVERSION = YES;
				GCC_WARN_ABOUT_RETURN_TYPE = YES_ERROR;
				GCC_WARN_UNDECLARED_SELECTOR = YES;
				GCC_WARN_UNINITIALIZED_AUTOS = YES_AGGRESSIVE;
				GCC_WARN_UNUSED_FUNCTION = YES;
				GCC_WARN_UNUSED_VARIABLE = YES;
				IPHONEOS_DEPLOYMENT_TARGET = 14.1;
				MTL_ENABLE_DEBUG_INFO = INCLUDE_SOURCE;
				MTL_FAST_MATH = YES;
				ONLY_ACTIVE_ARCH = YES;
				SDKROOT = iphoneos;
				SWIFT_ACTIVE_COMPILATION_CONDITIONS = DEBUG;
				SWIFT_OPTIMIZATION_LEVEL = "-Onone";
			};
			name = Debug;
		};
		1B851D8F255B48FA00609A98 /* Release */ = {
			isa = XCBuildConfiguration;
			buildSettings = {
				ALWAYS_SEARCH_USER_PATHS = NO;
				CLANG_ANALYZER_NONNULL = YES;
				CLANG_ANALYZER_NUMBER_OBJECT_CONVERSION = YES_AGGRESSIVE;
				CLANG_CXX_LANGUAGE_STANDARD = "gnu++14";
				CLANG_CXX_LIBRARY = "libc++";
				CLANG_ENABLE_MODULES = YES;
				CLANG_ENABLE_OBJC_ARC = YES;
				CLANG_ENABLE_OBJC_WEAK = YES;
				CLANG_WARN_BLOCK_CAPTURE_AUTORELEASING = YES;
				CLANG_WARN_BOOL_CONVERSION = YES;
				CLANG_WARN_COMMA = YES;
				CLANG_WARN_CONSTANT_CONVERSION = YES;
				CLANG_WARN_DEPRECATED_OBJC_IMPLEMENTATIONS = YES;
				CLANG_WARN_DIRECT_OBJC_ISA_USAGE = YES_ERROR;
				CLANG_WARN_DOCUMENTATION_COMMENTS = YES;
				CLANG_WARN_EMPTY_BODY = YES;
				CLANG_WARN_ENUM_CONVERSION = YES;
				CLANG_WARN_INFINITE_RECURSION = YES;
				CLANG_WARN_INT_CONVERSION = YES;
				CLANG_WARN_NON_LITERAL_NULL_CONVERSION = YES;
				CLANG_WARN_OBJC_IMPLICIT_RETAIN_SELF = YES;
				CLANG_WARN_OBJC_LITERAL_CONVERSION = YES;
				CLANG_WARN_OBJC_ROOT_CLASS = YES_ERROR;
				CLANG_WARN_QUOTED_INCLUDE_IN_FRAMEWORK_HEADER = YES;
				CLANG_WARN_RANGE_LOOP_ANALYSIS = YES;
				CLANG_WARN_STRICT_PROTOTYPES = YES;
				CLANG_WARN_SUSPICIOUS_MOVE = YES;
				CLANG_WARN_UNGUARDED_AVAILABILITY = YES_AGGRESSIVE;
				CLANG_WARN_UNREACHABLE_CODE = YES;
				CLANG_WARN__DUPLICATE_METHOD_MATCH = YES;
				COPY_PHASE_STRIP = NO;
				DEBUG_INFORMATION_FORMAT = "dwarf-with-dsym";
				ENABLE_NS_ASSERTIONS = NO;
				ENABLE_STRICT_OBJC_MSGSEND = YES;
				GCC_C_LANGUAGE_STANDARD = gnu11;
				GCC_NO_COMMON_BLOCKS = YES;
				GCC_WARN_64_TO_32_BIT_CONVERSION = YES;
				GCC_WARN_ABOUT_RETURN_TYPE = YES_ERROR;
				GCC_WARN_UNDECLARED_SELECTOR = YES;
				GCC_WARN_UNINITIALIZED_AUTOS = YES_AGGRESSIVE;
				GCC_WARN_UNUSED_FUNCTION = YES;
				GCC_WARN_UNUSED_VARIABLE = YES;
				IPHONEOS_DEPLOYMENT_TARGET = 14.1;
				MTL_ENABLE_DEBUG_INFO = NO;
				MTL_FAST_MATH = YES;
				SDKROOT = iphoneos;
				SWIFT_COMPILATION_MODE = wholemodule;
				SWIFT_OPTIMIZATION_LEVEL = "-O";
				VALIDATE_PRODUCT = YES;
			};
			name = Release;
		};
		1B851D91255B48FA00609A98 /* Debug */ = {
			isa = XCBuildConfiguration;
			buildSettings = {
				ASSETCATALOG_COMPILER_APPICON_NAME = AppIcon;
				ASSETCATALOG_COMPILER_GLOBAL_ACCENT_COLOR_NAME = AccentColor;
				CODE_SIGN_STYLE = Automatic;
				DEVELOPMENT_ASSET_PATHS = "\"FirstProject/Preview Content\"";
				ENABLE_PREVIEWS = YES;
				INFOPLIST_FILE = FirstProject/Info.plist;
				IPHONEOS_DEPLOYMENT_TARGET = 14.0;
				LD_RUNPATH_SEARCH_PATHS = (
					"$(inherited)",
					"@executable_path/Frameworks",
				);
				PRODUCT_BUNDLE_IDENTIFIER = "AJ-DIaz.FirstProject";
				PRODUCT_NAME = "$(TARGET_NAME)";
				SWIFT_VERSION = 5.0;
				TARGETED_DEVICE_FAMILY = "1,2";
			};
			name = Debug;
		};
		1B851D92255B48FA00609A98 /* Release */ = {
			isa = XCBuildConfiguration;
			buildSettings = {
				ASSETCATALOG_COMPILER_APPICON_NAME = AppIcon;
				ASSETCATALOG_COMPILER_GLOBAL_ACCENT_COLOR_NAME = AccentColor;
				CODE_SIGN_STYLE = Automatic;
				DEVELOPMENT_ASSET_PATHS = "\"FirstProject/Preview Content\"";
				ENABLE_PREVIEWS = YES;
				INFOPLIST_FILE = FirstProject/Info.plist;
				IPHONEOS_DEPLOYMENT_TARGET = 14.0;
				LD_RUNPATH_SEARCH_PATHS = (
					"$(inherited)",
					"@executable_path/Frameworks",
				);
				PRODUCT_BUNDLE_IDENTIFIER = "AJ-DIaz.FirstProject";
				PRODUCT_NAME = "$(TARGET_NAME)";
				SWIFT_VERSION = 5.0;
				TARGETED_DEVICE_FAMILY = "1,2";
			};
			name = Release;
		};
		1B851D94255B48FA00609A98 /* Debug */ = {
			isa = XCBuildConfiguration;
			buildSettings = {
				ALWAYS_EMBED_SWIFT_STANDARD_LIBRARIES = YES;
				BUNDLE_LOADER = "$(TEST_HOST)";
				CODE_SIGN_STYLE = Automatic;
				INFOPLIST_FILE = FirstProjectTests/Info.plist;
				IPHONEOS_DEPLOYMENT_TARGET = 14.0;
				LD_RUNPATH_SEARCH_PATHS = (
					"$(inherited)",
					"@executable_path/Frameworks",
					"@loader_path/Frameworks",
				);
				PRODUCT_BUNDLE_IDENTIFIER = "AJ-DIaz.FirstProjectTests";
				PRODUCT_NAME = "$(TARGET_NAME)";
				SWIFT_VERSION = 5.0;
				TARGETED_DEVICE_FAMILY = "1,2";
				TEST_HOST = "$(BUILT_PRODUCTS_DIR)/FirstProject.app/FirstProject";
			};
			name = Debug;
		};
		1B851D95255B48FA00609A98 /* Release */ = {
			isa = XCBuildConfiguration;
			buildSettings = {
				ALWAYS_EMBED_SWIFT_STANDARD_LIBRARIES = YES;
				BUNDLE_LOADER = "$(TEST_HOST)";
				CODE_SIGN_STYLE = Automatic;
				INFOPLIST_FILE = FirstProjectTests/Info.plist;
				IPHONEOS_DEPLOYMENT_TARGET = 14.0;
				LD_RUNPATH_SEARCH_PATHS = (
					"$(inherited)",
					"@executable_path/Frameworks",
					"@loader_path/Frameworks",
				);
				PRODUCT_BUNDLE_IDENTIFIER = "AJ-DIaz.FirstProjectTests";
				PRODUCT_NAME = "$(TARGET_NAME)";
				SWIFT_VERSION = 5.0;
				TARGETED_DEVICE_FAMILY = "1,2";
				TEST_HOST = "$(BUILT_PRODUCTS_DIR)/FirstProject.app/FirstProject";
			};
			name = Release;
		};
		1B851D97255B48FA00609A98 /* Debug */ = {
			isa = XCBuildConfiguration;
			buildSettings = {
				ALWAYS_EMBED_SWIFT_STANDARD_LIBRARIES = YES;
				CODE_SIGN_STYLE = Automatic;
				INFOPLIST_FILE = FirstProjectUITests/Info.plist;
				LD_RUNPATH_SEARCH_PATHS = (
					"$(inherited)",
					"@executable_path/Frameworks",
					"@loader_path/Frameworks",
				);
				PRODUCT_BUNDLE_IDENTIFIER = "AJ-DIaz.FirstProjectUITests";
				PRODUCT_NAME = "$(TARGET_NAME)";
				SWIFT_VERSION = 5.0;
				TARGETED_DEVICE_FAMILY = "1,2";
				TEST_TARGET_NAME = FirstProject;
			};
			name = Debug;
		};
		1B851D98255B48FA00609A98 /* Release */ = {
			isa = XCBuildConfiguration;
			buildSettings = {
				ALWAYS_EMBED_SWIFT_STANDARD_LIBRARIES = YES;
				CODE_SIGN_STYLE = Automatic;
				INFOPLIST_FILE = FirstProjectUITests/Info.plist;
				LD_RUNPATH_SEARCH_PATHS = (
					"$(inherited)",
					"@executable_path/Frameworks",
					"@loader_path/Frameworks",
				);
				PRODUCT_BUNDLE_IDENTIFIER = "AJ-DIaz.FirstProjectUITests";
				PRODUCT_NAME = "$(TARGET_NAME)";
				SWIFT_VERSION = 5.0;
				TARGETED_DEVICE_FAMILY = "1,2";
				TEST_TARGET_NAME = FirstProject;
			};
			name = Release;
		};
/* End XCBuildConfiguration section */

/* Begin XCConfigurationList section */
		1B851D66255B48F600609A98 /* Build configuration list for PBXProject "FirstProject" */ = {
			isa = XCConfigurationList;
			buildConfigurations = (
				1B851D8E255B48FA00609A98 /* Debug */,
				1B851D8F255B48FA00609A98 /* Release */,
			);
			defaultConfigurationIsVisible = 0;
			defaultConfigurationName = Release;
		};
		1B851D90255B48FA00609A98 /* Build configuration list for PBXNativeTarget "FirstProject" */ = {
			isa = XCConfigurationList;
			buildConfigurations = (
				1B851D91255B48FA00609A98 /* Debug */,
				1B851D92255B48FA00609A98 /* Release */,
			);
			defaultConfigurationIsVisible = 0;
			defaultConfigurationName = Release;
		};
		1B851D93255B48FA00609A98 /* Build configuration list for PBXNativeTarget "FirstProjectTests" */ = {
			isa = XCConfigurationList;
			buildConfigurations = (
				1B851D94255B48FA00609A98 /* Debug */,
				1B851D95255B48FA00609A98 /* Release */,
			);
			defaultConfigurationIsVisible = 0;
			defaultConfigurationName = Release;
		};
		1B851D96255B48FA00609A98 /* Build configuration list for PBXNativeTarget "FirstProjectUITests" */ = {
			isa = XCConfigurationList;
			buildConfigurations = (
				1B851D97255B48FA00609A98 /* Debug */,
				1B851D98255B48FA00609A98 /* Release */,
			);
			defaultConfigurationIsVisible = 0;
			defaultConfigurationName = Release;
		};
/* End XCConfigurationList section */
	};
	rootObject = 1B851D63255B48F600609A98 /* Project object */;
}
